
Microsoft Visual Studio Solution File, Format Version 12.00
# Visual Studio Version 17
VisualStudioVersion = 17.1.32414.318
MinimumVisualStudioVersion = 10.0.40219.1
Project("{FAE04EC0-301F-11D3-BF4B-00C04F79EFBC}") = "CS8602 Dereference", "CS8602 Dereference\CS8602 Dereference.csproj", "{3A8631A9-4DE2-4E51-B709-1727D4973C6F}"
EndProject
Global
	GlobalSection(SolutionConfigurationPlatforms) = preSolution
		Debug|Any CPU = Debug|Any CPU
		Release|Any CPU = Release|Any CPU
	EndGlobalSection
	GlobalSection(ProjectConfigurationPlatforms) = postSolution
		{3A8631A9-4DE2-4E51-B709-1727D4973C6F}.Debug|Any CPU.ActiveCfg = Debug|Any CPU
		{3A8631A9-4DE2-4E51-B709-1727D4973C6F}.Debug|Any CPU.Build.0 = Debug|Any CPU
		{3A8631A9-4DE2-4E51-B709-1727D4973C6F}.Release|Any CPU.ActiveCfg = Release|Any CPU
		{3A8631A9-4DE2-4E51-B709-1727D4973C6F}.Release|Any CPU.Build.0 = Release|Any CPU
	EndGlobalSection
	GlobalSection(SolutionProperties) = preSolution
		HideSolutionNode = FALSE
	EndGlobalSection
	GlobalSection(ExtensibilityGlobals) = postSolution
		SolutionGuid = {DD9375B1-7253-4F71-BCC1-E9F7909F8FDC}
	EndGlobalSection
EndGlobal
