
Microsoft Visual Studio Solution File, Format Version 12.00
# Visual Studio 15
Project("{FAE04EC0-301F-11D3-BF4B-00C04F79EFBC}") = "StyleInheritance.iOS", "StyleInheritance.iOS\StyleInheritance.iOS.csproj", "{20F9CE66-B205-4ADB-A2B2-DC2BE76B7D48}"
EndProject
Project("{FAE04EC0-301F-11D3-BF4B-00C04F79EFBC}") = "StyleInheritance", "StyleInheritance\StyleInheritance.csproj", "{EF8D49D6-260F-4490-BA79-50247DDF1ED1}"
EndProject
Global
	GlobalSection(SolutionConfigurationPlatforms) = preSolution
		Debug|iPhoneSimulator = Debug|iPhoneSimulator
		Release|iPhoneSimulator = Release|iPhoneSimulator
		Debug|iPhone = Debug|iPhone
		Release|iPhone = Release|iPhone
		Debug|Any CPU = Debug|Any CPU
		Release|Any CPU = Release|Any CPU
	EndGlobalSection
	GlobalSection(ProjectConfigurationPlatforms) = postSolution
		{20F9CE66-B205-4ADB-A2B2-DC2BE76B7D48}.Debug|iPhoneSimulator.ActiveCfg = Debug|iPhoneSimulator
		{20F9CE66-B205-4ADB-A2B2-DC2BE76B7D48}.Debug|iPhoneSimulator.Build.0 = Debug|iPhoneSimulator
		{20F9CE66-B205-4ADB-A2B2-DC2BE76B7D48}.Release|iPhoneSimulator.ActiveCfg = Release|iPhoneSimulator
		{20F9CE66-B205-4ADB-A2B2-DC2BE76B7D48}.Release|iPhoneSimulator.Build.0 = Release|iPhoneSimulator
		{20F9CE66-B205-4ADB-A2B2-DC2BE76B7D48}.Debug|iPhone.ActiveCfg = Debug|iPhone
		{20F9CE66-B205-4ADB-A2B2-DC2BE76B7D48}.Debug|iPhone.Build.0 = Debug|iPhone
		{20F9CE66-B205-4ADB-A2B2-DC2BE76B7D48}.Release|iPhone.ActiveCfg = Release|iPhone
		{20F9CE66-B205-4ADB-A2B2-DC2BE76B7D48}.Release|iPhone.Build.0 = Release|iPhone
		{20F9CE66-B205-4ADB-A2B2-DC2BE76B7D48}.Debug|Any CPU.ActiveCfg = Debug|iPhoneSimulator
		{20F9CE66-B205-4ADB-A2B2-DC2BE76B7D48}.Debug|Any CPU.Build.0 = Debug|iPhoneSimulator
		{20F9CE66-B205-4ADB-A2B2-DC2BE76B7D48}.Release|Any CPU.ActiveCfg = Release|iPhoneSimulator
		{20F9CE66-B205-4ADB-A2B2-DC2BE76B7D48}.Release|Any CPU.Build.0 = Release|iPhoneSimulator
		{EF8D49D6-260F-4490-BA79-50247DDF1ED1}.Debug|iPhoneSimulator.ActiveCfg = Debug|Any CPU
		{EF8D49D6-260F-4490-BA79-50247DDF1ED1}.Debug|iPhoneSimulator.Build.0 = Debug|Any CPU
		{EF8D49D6-260F-4490-BA79-50247DDF1ED1}.Release|iPhoneSimulator.ActiveCfg = Release|Any CPU
		{EF8D49D6-260F-4490-BA79-50247DDF1ED1}.Release|iPhoneSimulator.Build.0 = Release|Any CPU
		{EF8D49D6-260F-4490-BA79-50247DDF1ED1}.Debug|iPhone.ActiveCfg = Debug|Any CPU
		{EF8D49D6-260F-4490-BA79-50247DDF1ED1}.Debug|iPhone.Build.0 = Debug|Any CPU
		{EF8D49D6-260F-4490-BA79-50247DDF1ED1}.Release|iPhone.ActiveCfg = Release|Any CPU
		{EF8D49D6-260F-4490-BA79-50247DDF1ED1}.Release|iPhone.Build.0 = Release|Any CPU
		{EF8D49D6-260F-4490-BA79-50247DDF1ED1}.Debug|Any CPU.ActiveCfg = Debug|Any CPU
		{EF8D49D6-260F-4490-BA79-50247DDF1ED1}.Debug|Any CPU.Build.0 = Debug|Any CPU
		{EF8D49D6-260F-4490-BA79-50247DDF1ED1}.Release|Any CPU.ActiveCfg = Release|Any CPU
		{EF8D49D6-260F-4490-BA79-50247DDF1ED1}.Release|Any CPU.Build.0 = Release|Any CPU
	EndGlobalSection
EndGlobal
