
Microsoft Visual Studio Solution File, Format Version 12.00
# Visual Studio Version 17
VisualStudioVersion = 17.3.32901.215
MinimumVisualStudioVersion = 10.0.40219.1
Project("{FAE04EC0-301F-11D3-BF4B-00C04F79EFBC}") = "TestProject1", "TestProject1\TestProject1.csproj", "{0F24EE26-D7D5-4BA4-8C09-996C68280F99}"
EndProject
Global
	GlobalSection(SolutionConfigurationPlatforms) = preSolution
		Debug|Any CPU = Debug|Any CPU
		Release|Any CPU = Release|Any CPU
	EndGlobalSection
	GlobalSection(ProjectConfigurationPlatforms) = postSolution
		{0F24EE26-D7D5-4BA4-8C09-996C68280F99}.Debug|Any CPU.ActiveCfg = Debug|Any CPU
		{0F24EE26-D7D5-4BA4-8C09-996C68280F99}.Debug|Any CPU.Build.0 = Debug|Any CPU
		{0F24EE26-D7D5-4BA4-8C09-996C68280F99}.Release|Any CPU.ActiveCfg = Release|Any CPU
		{0F24EE26-D7D5-4BA4-8C09-996C68280F99}.Release|Any CPU.Build.0 = Release|Any CPU
	EndGlobalSection
	GlobalSection(SolutionProperties) = preSolution
		HideSolutionNode = FALSE
	EndGlobalSection
	GlobalSection(ExtensibilityGlobals) = postSolution
		SolutionGuid = {1143D7AA-1C73-49BC-9365-7CCF5FEAC6A4}
	EndGlobalSection
EndGlobal
